PODS:
  - Alamofire (4.5.0)
  - Kanna (2.2.1)
  - Kingfisher (3.10.3)
  - PDFReader (2.4.0)

DEPENDENCIES:
  - Alamofire
  - Kanna
  - Kingfisher
  - PDFReader

SPEC CHECKSUMS:
  Alamofire: f28cdffd29de33a7bfa022cbd63ae95a27fae140
  Kanna: 182789ab065e8f9a6ccc2a74ce6283d3401c0c4a
  Kingfisher: a0ac82dc5bcf0388dd74b294cf2cc13730c63436
  PDFReader: 0bb6be11c8876c6cea2598f0a0ab9b6640a8a018

PODFILE CHECKSUM: 31c56fb8960906c08923e309fa858fa2ee5722cb

COCOAPODS: 1.2.0
